
Microsoft Visual Studio Solution File, Format Version 12.00
# Visual Studio Version 17
VisualStudioVersion = 17.2.32630.192
MinimumVisualStudioVersion = 10.0.40219.1
Project("{2150E333-8FDC-42A3-9474-1A3956D46DE8}") = "1_2-Send_Receive", "1_2-Send_Receive", "{CAE69720-C45A-46AD-8062-8BFAF3CA71DF}"
EndProject
Project("{2150E333-8FDC-42A3-9474-1A3956D46DE8}") = "3-Publish_Subscribe", "3-Publish_Subscribe", "{1C0296F2-D636-4E84-900A-795D6DEC4E00}"
EndProject
Project("{2150E333-8FDC-42A3-9474-1A3956D46DE8}") = "4-Routing", "4-Routing", "{69DBC287-DDB7-4356-8D68-5EAF92BFC128}"
EndProject
Project("{2150E333-8FDC-42A3-9474-1A3956D46DE8}") = "5-Topics", "5-Topics", "{6EF4A93D-038C-4871-A4C2-68ABE2820C3A}"
EndProject
Project("{2150E333-8FDC-42A3-9474-1A3956D46DE8}") = "6-RPC", "6-RPC", "{5472DC46-E556-405D-880D-DD8550295BF8}"
EndProject
Project("{2150E333-8FDC-42A3-9474-1A3956D46DE8}") = "7-Publisher_Confirms", "7-Publisher_Confirms", "{5C5ACCA2-6CF0-4A15-9F5E-B5921B8E848C}"
EndProject
Project("{9A19103F-16F7-4668-BE54-9A1E7A4F7556}") = "Receive", "1-2-Send_Receive\Receive\Receive.csproj", "{B2A47205-925C-49A9-BBC7-0B546ACBE11A}"
EndProject
Project("{9A19103F-16F7-4668-BE54-9A1E7A4F7556}") = "Send", "1-2-Send_Receive\Send\Send.csproj", "{FC033907-2509-4F6E-A825-D7E2206FDE6C}"
EndProject
Project("{9A19103F-16F7-4668-BE54-9A1E7A4F7556}") = "EmitLog", "3-Publish_Subscribe\EmitLog\EmitLog.csproj", "{55E0AAE7-74E0-4DB1-B334-913A431B957E}"
EndProject
Project("{9A19103F-16F7-4668-BE54-9A1E7A4F7556}") = "ReceiveLogs", "3-Publish_Subscribe\ReceiveLogs\ReceiveLogs.csproj", "{EFE4E562-E9CD-48B9-A7EB-9485453B8E4E}"
EndProject
Project("{9A19103F-16F7-4668-BE54-9A1E7A4F7556}") = "EmiteLogDirect", "4-Routing\EmiteLogDirect\EmiteLogDirect.csproj", "{F13227F1-F691-47BC-A6A0-9A507B15CE57}"
EndProject
Project("{9A19103F-16F7-4668-BE54-9A1E7A4F7556}") = "ReceiveLogsDirect", "4-Routing\ReceiveLogsDirect\ReceiveLogsDirect.csproj", "{085AACC1-6066-43A8-8617-B3D861ECF49C}"
EndProject
Project("{9A19103F-16F7-4668-BE54-9A1E7A4F7556}") = "EmitLogTopic", "5-Topics\EmitLogTopic\EmitLogTopic.csproj", "{2D7D6ED3-7886-48C0-99BB-F06BCB984BBF}"
EndProject
Project("{9A19103F-16F7-4668-BE54-9A1E7A4F7556}") = "ReceiveLogsTopic", "5-Topics\ReceiveLogsTopic\ReceiveLogsTopic.csproj", "{B3BC25E1-73A3-4AEB-B38B-8478B3A64E53}"
EndProject
Project("{9A19103F-16F7-4668-BE54-9A1E7A4F7556}") = "RPCServer", "6-RPC\RPCServer\RPCServer.csproj", "{372E713E-FBFB-434F-871E-8A842F0DB0FB}"
EndProject
Project("{9A19103F-16F7-4668-BE54-9A1E7A4F7556}") = "RPC", "6-RPC\RPC\RPC.csproj", "{B354A646-0258-425D-A049-DC7F2B1F8C5F}"
EndProject
Project("{9A19103F-16F7-4668-BE54-9A1E7A4F7556}") = "PublisherConfirms", "7-Publisher_Confirms\PublisherConfirms\PublisherConfirms.csproj", "{3C0A7526-E892-4F85-B39D-CC18F109B045}"
EndProject
Global
	GlobalSection(SolutionConfigurationPlatforms) = preSolution
		Debug|Any CPU = Debug|Any CPU
		Release|Any CPU = Release|Any CPU
	EndGlobalSection
	GlobalSection(ProjectConfigurationPlatforms) = postSolution
		{B2A47205-925C-49A9-BBC7-0B546ACBE11A}.Debug|Any CPU.ActiveCfg = Debug|Any CPU
		{B2A47205-925C-49A9-BBC7-0B546ACBE11A}.Debug|Any CPU.Build.0 = Debug|Any CPU
		{B2A47205-925C-49A9-BBC7-0B546ACBE11A}.Release|Any CPU.ActiveCfg = Release|Any CPU
		{B2A47205-925C-49A9-BBC7-0B546ACBE11A}.Release|Any CPU.Build.0 = Release|Any CPU
		{FC033907-2509-4F6E-A825-D7E2206FDE6C}.Debug|Any CPU.ActiveCfg = Debug|Any CPU
		{FC033907-2509-4F6E-A825-D7E2206FDE6C}.Debug|Any CPU.Build.0 = Debug|Any CPU
		{FC033907-2509-4F6E-A825-D7E2206FDE6C}.Release|Any CPU.ActiveCfg = Release|Any CPU
		{FC033907-2509-4F6E-A825-D7E2206FDE6C}.Release|Any CPU.Build.0 = Release|Any CPU
		{55E0AAE7-74E0-4DB1-B334-913A431B957E}.Debug|Any CPU.ActiveCfg = Debug|Any CPU
		{55E0AAE7-74E0-4DB1-B334-913A431B957E}.Debug|Any CPU.Build.0 = Debug|Any CPU
		{55E0AAE7-74E0-4DB1-B334-913A431B957E}.Release|Any CPU.ActiveCfg = Release|Any CPU
		{55E0AAE7-74E0-4DB1-B334-913A431B957E}.Release|Any CPU.Build.0 = Release|Any CPU
		{EFE4E562-E9CD-48B9-A7EB-9485453B8E4E}.Debug|Any CPU.ActiveCfg = Debug|Any CPU
		{EFE4E562-E9CD-48B9-A7EB-9485453B8E4E}.Debug|Any CPU.Build.0 = Debug|Any CPU
		{EFE4E562-E9CD-48B9-A7EB-9485453B8E4E}.Release|Any CPU.ActiveCfg = Release|Any CPU
		{EFE4E562-E9CD-48B9-A7EB-9485453B8E4E}.Release|Any CPU.Build.0 = Release|Any CPU
		{F13227F1-F691-47BC-A6A0-9A507B15CE57}.Debug|Any CPU.ActiveCfg = Debug|Any CPU
		{F13227F1-F691-47BC-A6A0-9A507B15CE57}.Debug|Any CPU.Build.0 = Debug|Any CPU
		{F13227F1-F691-47BC-A6A0-9A507B15CE57}.Release|Any CPU.ActiveCfg = Release|Any CPU
		{F13227F1-F691-47BC-A6A0-9A507B15CE57}.Release|Any CPU.Build.0 = Release|Any CPU
		{085AACC1-6066-43A8-8617-B3D861ECF49C}.Debug|Any CPU.ActiveCfg = Debug|Any CPU
		{085AACC1-6066-43A8-8617-B3D861ECF49C}.Debug|Any CPU.Build.0 = Debug|Any CPU
		{085AACC1-6066-43A8-8617-B3D861ECF49C}.Release|Any CPU.ActiveCfg = Release|Any CPU
		{085AACC1-6066-43A8-8617-B3D861ECF49C}.Release|Any CPU.Build.0 = Release|Any CPU
		{2D7D6ED3-7886-48C0-99BB-F06BCB984BBF}.Debug|Any CPU.ActiveCfg = Debug|Any CPU
		{2D7D6ED3-7886-48C0-99BB-F06BCB984BBF}.Debug|Any CPU.Build.0 = Debug|Any CPU
		{2D7D6ED3-7886-48C0-99BB-F06BCB984BBF}.Release|Any CPU.ActiveCfg = Release|Any CPU
		{2D7D6ED3-7886-48C0-99BB-F06BCB984BBF}.Release|Any CPU.Build.0 = Release|Any CPU
		{B3BC25E1-73A3-4AEB-B38B-8478B3A64E53}.Debug|Any CPU.ActiveCfg = Debug|Any CPU
		{B3BC25E1-73A3-4AEB-B38B-8478B3A64E53}.Debug|Any CPU.Build.0 = Debug|Any CPU
		{B3BC25E1-73A3-4AEB-B38B-8478B3A64E53}.Release|Any CPU.ActiveCfg = Release|Any CPU
		{B3BC25E1-73A3-4AEB-B38B-8478B3A64E53}.Release|Any CPU.Build.0 = Release|Any CPU
		{372E713E-FBFB-434F-871E-8A842F0DB0FB}.Debug|Any CPU.ActiveCfg = Debug|Any CPU
		{372E713E-FBFB-434F-871E-8A842F0DB0FB}.Debug|Any CPU.Build.0 = Debug|Any CPU
		{372E713E-FBFB-434F-871E-8A842F0DB0FB}.Release|Any CPU.ActiveCfg = Release|Any CPU
		{372E713E-FBFB-434F-871E-8A842F0DB0FB}.Release|Any CPU.Build.0 = Release|Any CPU
		{B354A646-0258-425D-A049-DC7F2B1F8C5F}.Debug|Any CPU.ActiveCfg = Debug|Any CPU
		{B354A646-0258-425D-A049-DC7F2B1F8C5F}.Debug|Any CPU.Build.0 = Debug|Any CPU
		{B354A646-0258-425D-A049-DC7F2B1F8C5F}.Release|Any CPU.ActiveCfg = Release|Any CPU
		{B354A646-0258-425D-A049-DC7F2B1F8C5F}.Release|Any CPU.Build.0 = Release|Any CPU
		{3C0A7526-E892-4F85-B39D-CC18F109B045}.Debug|Any CPU.ActiveCfg = Debug|Any CPU
		{3C0A7526-E892-4F85-B39D-CC18F109B045}.Debug|Any CPU.Build.0 = Debug|Any CPU
		{3C0A7526-E892-4F85-B39D-CC18F109B045}.Release|Any CPU.ActiveCfg = Release|Any CPU
		{3C0A7526-E892-4F85-B39D-CC18F109B045}.Release|Any CPU.Build.0 = Release|Any CPU
	EndGlobalSection
	GlobalSection(SolutionProperties) = preSolution
		HideSolutionNode = FALSE
	EndGlobalSection
	GlobalSection(NestedProjects) = preSolution
		{B2A47205-925C-49A9-BBC7-0B546ACBE11A} = {CAE69720-C45A-46AD-8062-8BFAF3CA71DF}
		{FC033907-2509-4F6E-A825-D7E2206FDE6C} = {CAE69720-C45A-46AD-8062-8BFAF3CA71DF}
		{55E0AAE7-74E0-4DB1-B334-913A431B957E} = {1C0296F2-D636-4E84-900A-795D6DEC4E00}
		{EFE4E562-E9CD-48B9-A7EB-9485453B8E4E} = {1C0296F2-D636-4E84-900A-795D6DEC4E00}
		{F13227F1-F691-47BC-A6A0-9A507B15CE57} = {69DBC287-DDB7-4356-8D68-5EAF92BFC128}
		{085AACC1-6066-43A8-8617-B3D861ECF49C} = {69DBC287-DDB7-4356-8D68-5EAF92BFC128}
		{2D7D6ED3-7886-48C0-99BB-F06BCB984BBF} = {6EF4A93D-038C-4871-A4C2-68ABE2820C3A}
		{B3BC25E1-73A3-4AEB-B38B-8478B3A64E53} = {6EF4A93D-038C-4871-A4C2-68ABE2820C3A}
		{372E713E-FBFB-434F-871E-8A842F0DB0FB} = {5472DC46-E556-405D-880D-DD8550295BF8}
		{B354A646-0258-425D-A049-DC7F2B1F8C5F} = {5472DC46-E556-405D-880D-DD8550295BF8}
		{3C0A7526-E892-4F85-B39D-CC18F109B045} = {5C5ACCA2-6CF0-4A15-9F5E-B5921B8E848C}
	EndGlobalSection
	GlobalSection(ExtensibilityGlobals) = postSolution
		SolutionGuid = {0C0B6BB2-6B45-420E-BD15-02F73E4CD5E7}
	EndGlobalSection
EndGlobal
